aahframe.work/aah v0.0.0-20180920081551-d7e0bc5638d0 h1:CYLMQFE1ZFxjf2zAVpjPfMcdVHTVWHVCkDvFaKBT7TA=
aahframe.work/aah v0.0.0-20180920081551-d7e0bc5638d0/go.mod h1:YEJCDMw29O7ZNXnlUVzpDxHq+vBBtaYHjBwMtwfnqCU=
cloud.google.com/go v0.26.0 h1:e0WKqKTd5BnrG8aKH3J3h+QvEIQtSUcf2n5UZ5ZgLtQ=
cloud.google.com/go v0.26.0/go.mod h1:aQUYkXzVsufM+DwF1aE+0xfcU+56JwCaLick0ClmMTw=
github.com/go-aah/forge v0.0.0-20180822163742-5469132a713e h1:VnhhkAOLI9na398gRxSBj5iF4a4Sk2ndvfJ79+TkpZw=
github.com/go-aah/forge v0.0.0-20180822163742-5469132a713e/go.mod h1:noFuP/1ZMLfYHd/CpUGNdlXgqeRaYiEkj7WsCdqnlvc=
github.com/go-playground/locales v0.12.1 h1:2FITxuFt/xuCNP1Acdhv62OzaCiviiE4kotfhkmOqEc=
github.com/go-playground/locales v0.12.1/go.mod h1:IUMDtCfWo/w/mtMfIE/IG2K+Ey3ygWanZIBtBW0W2TM=
github.com/go-playground/universal-translator v0.16.0 h1:X++omBR/4cE2MNg91AoC3rmGrCjJ8eAeUP/K/EKx4DM=
github.com/go-playground/universal-translator v0.16.0/go.mod h1:1AnU7NaIRDWWzGEKwgtJRd2xk99HeFyHw3yid4rvQIY=
github.com/gobwas/httphead v0.0.0-20180130184737-2c6c146eadee h1:s+21KNqlpePfkah2I+gwHF8xmJWRjooY+5248k6m4A0=
github.com/gobwas/httphead v0.0.0-20180130184737-2c6c146eadee/go.mod h1:L0fX3K22YWvt/FAX9NnzrNzcI4wNYi9Yku4O0LKYflo=
github.com/gobwas/pool v0.2.0 h1:QEmUOlnSjWtnpRGHF3SauEiOsy82Cup83Vf2LcMlnc8=
github.com/gobwas/pool v0.2.0/go.mod h1:q8bcK0KcYlCgd9e7WYLm9LpyS+YeLd8JVDW6WezmKEw=
github.com/gobwas/ws v1.0.0 h1:1WdyfgUcImUfVBvYbsW2krIsnko+1QU2t45soaF8v1M=
github.com/gobwas/ws v1.0.0/go.mod h1:szmBTxLgaFppYjEmNtny/v3w89xOydFnnZMcgRRu/EM=
go.etcd.io/bbolt v1.3.1-etcd.8 h1:6J7QAKqfFBGnU80KRnuQxfjjeE5xAGE/qB810I3FQHQ=
go.etcd.io/bbolt v1.3.1-etcd.8/go.mod h1:IbVyRI1SCnLcuJnV2u8VeU0CEYM7e686BmAb1XKL+uU=
golang.org/x/crypto v0.0.0-20180910181607-0e37d006457b h1:2b9XGzhjiYsYPnKXoEfL7klWZQIt8IfyRCz62gCqqlQ=
golang.org/x/crypto v0.0.0-20180910181607-0e37d006457b/go.mod h1:6SG95UA2DQfeDnfUPMdvaQW0Q7yPrPDi9nlGo2tz2b4=
golang.org/x/net v0.0.0-20180826012351-8a410e7b638d h1:g9qWBGx4puODJTMVyoPrpoxPFgVGd+z1DZwjfRu4d0I=
golang.org/x/net v0.0.0-20180826012351-8a410e7b638d/go.mod h1:mL1N/T3taQHkDXs73rZJwtUhF3w3ftmwwsq0BUmARs4=
golang.org/x/oauth2 v0.0.0-20180821212333-d2e6202438be h1:vEDujvNQGv4jgYKudGeI/+DAX4Jffq6hpD55MmoEvKs=
golang.org/x/oauth2 v0.0.0-20180821212333-d2e6202438be/go.mod h1:N/0e6XlmueqKjAGxoOufVs8QHGRruUQn6yWY3a++T0U=
gopkg.in/go-playground/validator.v9 v9.21.0 h1:wSDJGBpQBYC1wLpVnGHLmshm2JicoSNdrb38Zj+8yHI=
gopkg.in/go-playground/validator.v9 v9.21.0/go.mod h1:+c9/zcJMFNgbLvly1L1V+PpxWdVbfP1avr/N00E2vyQ=
